
Microsoft Visual Studio Solution File, Format Version 12.00
# Visual Studio 15
VisualStudioVersion = 15.0.28010.2046
MinimumVisualStudioVersion = 10.0.40219.1
Project("{FAE04EC0-301F-11D3-BF4B-00C04F79EFBC}") = "TestLibrary", "TestLibrary\TestLibrary.csproj", "{01B49B1C-C2EF-45FB-A18D-E63D883BBFF3}"
EndProject
Global
	GlobalSection(SolutionConfigurationPlatforms) = preSolution
		Debug|Any CPU = Debug|Any CPU
		Release|Any CPU = Release|Any CPU
	EndGlobalSection
	GlobalSection(ProjectConfigurationPlatforms) = postSolution
		{01B49B1C-C2EF-45FB-A18D-E63D883BBFF3}.Debug|Any CPU.ActiveCfg = Debug|Any CPU
		{01B49B1C-C2EF-45FB-A18D-E63D883BBFF3}.Debug|Any CPU.Build.0 = Debug|Any CPU
		{01B49B1C-C2EF-45FB-A18D-E63D883BBFF3}.Release|Any CPU.ActiveCfg = Release|Any CPU
		{01B49B1C-C2EF-45FB-A18D-E63D883BBFF3}.Release|Any CPU.Build.0 = Release|Any CPU
	EndGlobalSection
	GlobalSection(SolutionProperties) = preSolution
		HideSolutionNode = FALSE
	EndGlobalSection
	GlobalSection(ExtensibilityGlobals) = postSolution
		SolutionGuid = {1D87C702-932C-4FFF-B60B-E4A8D4F1C66E}
	EndGlobalSection
EndGlobal
